// !$*UTF8*$!
{
	archiveVersion = 1;
	classes = {
	};
	objectVersion = 46;
	objects = {

/* Begin PBXBuildFile section */
		212DD6DE2AAAD4730048ED4E /* XImageElement.m in Sources */ = {isa = PBXBuildFile; fileRef = 212DD6DC2AAAD4730048ED4E /* XImageElement.m */; };
		21C6E2002AAAD9AE00EF98B5 /* JDXSLViewController.m in Sources */ = {isa = PBXBuildFile; fileRef = 21C6E1FF2AAAD9AE00EF98B5 /* JDXSLViewController.m */; };
		6003F58E195388D20070C39A /* Foundation.framework in Frameworks */ = {isa = PBXBuildFile; fileRef = 6003F58D195388D20070C39A /* Foundation.framework */; };
		6003F590195388D20070C39A /* CoreGraphics.framework in Frameworks */ = {isa = PBXBuildFile; fileRef = 6003F58F195388D20070C39A /* CoreGraphics.framework */; };
		6003F592195388D20070C39A /* UIKit.framework in Frameworks */ = {isa = PBXBuildFile; fileRef = 6003F591195388D20070C39A /* UIKit.framework */; };
		6003F598195388D20070C39A /* InfoPlist.strings in Resources */ = {isa = PBXBuildFile; fileRef = 6003F596195388D20070C39A /* InfoPlist.strings */; };
		6003F59A195388D20070C39A /* main.m in Sources */ = {isa = PBXBuildFile; fileRef = 6003F599195388D20070C39A /* main.m */; };
		6003F59E195388D20070C39A /* XHAppDelegate.m in Sources */ = {isa = PBXBuildFile; fileRef = 6003F59D195388D20070C39A /* XHAppDelegate.m */; };
		6003F5A7195388D20070C39A /* XHViewController.m in Sources */ = {isa = PBXBuildFile; fileRef = 6003F5A6195388D20070C39A /* XHViewController.m */; };
		6003F5A9195388D20070C39A /* Images.xcassets in Resources */ = {isa = PBXBuildFile; fileRef = 6003F5A8195388D20070C39A /* Images.xcassets */; };
		6003F5B0195388D20070C39A /* XCTest.framework in Frameworks */ = {isa = PBXBuildFile; fileRef = 6003F5AF195388D20070C39A /* XCTest.framework */; };
		6003F5B1195388D20070C39A /* Foundation.framework in Frameworks */ = {isa = PBXBuildFile; fileRef = 6003F58D195388D20070C39A /* Foundation.framework */; };
		6003F5B2195388D20070C39A /* UIKit.framework in Frameworks */ = {isa = PBXBuildFile; fileRef = 6003F591195388D20070C39A /* UIKit.framework */; };
		6003F5BA195388D20070C39A /* InfoPlist.strings in Resources */ = {isa = PBXBuildFile; fileRef = 6003F5B8195388D20070C39A /* InfoPlist.strings */; };
		6003F5BC195388D20070C39A /* Tests.m in Sources */ = {isa = PBXBuildFile; fileRef = 6003F5BB195388D20070C39A /* Tests.m */; };
		71719F9F1E33DC2100824A3D /* LaunchScreen.storyboard in Resources */ = {isa = PBXBuildFile; fileRef = 71719F9D1E33DC2100824A3D /* LaunchScreen.storyboard */; };
		873B8AEB1B1F5CCA007FD442 /* Main.storyboard in Resources */ = {isa = PBXBuildFile; fileRef = 873B8AEA1B1F5CCA007FD442 /* Main.storyboard */; };
		B006A25C2893B91F009DB690 /* MyNativePlugin.m in Sources */ = {isa = PBXBuildFile; fileRef = B006A25B2893B91F009DB690 /* MyNativePlugin.m */; };
		B006A25F2893BAF0009DB690 /* MyDefaultPlugin.m in Sources */ = {isa = PBXBuildFile; fileRef = B006A25E2893BAF0009DB690 /* MyDefaultPlugin.m */; };
		B006A2622893BEF0009DB690 /* MySequenceNativePlugin.m in Sources */ = {isa = PBXBuildFile; fileRef = B006A2612893BEF0009DB690 /* MySequenceNativePlugin.m */; };
		B05242002914E9A200F981F6 /* jdbridge_demo.html in Resources */ = {isa = PBXBuildFile; fileRef = B05241FE2914E9A200F981F6 /* jdbridge_demo.html */; };
		B05242012914E9A200F981F6 /* bundle.js in Resources */ = {isa = PBXBuildFile; fileRef = B05241FF2914E9A200F981F6 /* bundle.js */; };
		B057F79C286ECED4006E75B1 /* dispatchEvent.html in Resources */ = {isa = PBXBuildFile; fileRef = B057F79B286ECED4006E75B1 /* dispatchEvent.html */; };
		D4BAD97214589C19D4CE376C /* Pods_JDHybrid_Example.framework in Frameworks */ = {isa = PBXBuildFile; fileRef = 2249E01521726C41DE2DF153 /* Pods_JDHybrid_Example.framework */; };
		EF75D52029B9AE3900E594D3 /* JDWebViewController.m in Sources */ = {isa = PBXBuildFile; fileRef = EF75D51F29B9AE3900E594D3 /* JDWebViewController.m */; };
		EF75D52329B9AE5F00E594D3 /* JDCacheViewController.m in Sources */ = {isa = PBXBuildFile; fileRef = EF75D52229B9AE5F00E594D3 /* JDCacheViewController.m */; };
		EF75D52629B9AE7500E594D3 /* JDCacheWebViewController.m in Sources */ = {isa = PBXBuildFile; fileRef = EF75D52529B9AE7500E594D3 /* JDCacheWebViewController.m */; };
		EF75D52929B9B39200E594D3 /* JDMapResourceMatcher.m in Sources */ = {isa = PBXBuildFile; fileRef = EF75D52829B9B39200E594D3 /* JDMapResourceMatcher.m */; };
		EF75D57E29B9C4AA00E594D3 /* resource in Resources */ = {isa = PBXBuildFile; fileRef = EF75D57D29B9C4AA00E594D3 /* resource */; };
		EF75D58429B9C51500E594D3 /* XHCache.m in Sources */ = {isa = PBXBuildFile; fileRef = EF75D58329B9C51500E594D3 /* XHCache.m */; };
		FD1DA0AB2843B521006E7674 /* ExternalAccessory.framework in Frameworks */ = {isa = PBXBuildFile; fileRef = FD1DA0AA2843B521006E7674 /* ExternalAccessory.framework */; };
/* End PBXBuildFile section */

/* Begin PBXContainerItemProxy section */
		6003F5B3195388D20070C39A /* PBXContainerItemProxy */ = {
			isa = PBXContainerItemProxy;
			containerPortal = 6003F582195388D10070C39A /* Project object */;
			proxyType = 1;
			remoteGlobalIDString = 6003F589195388D20070C39A;
			remoteInfo = JDHybrid;
		};
/* End PBXContainerItemProxy section */

/* Begin PBXFileReference section */
		103D3013A3B9C1ADC42A63A5 /* Pods-JDHybrid_Example.release.xcconfig */ = {isa = PBXFileReference; includeInIndex = 1; lastKnownFileType = text.xcconfig; name = "Pods-JDHybrid_Example.release.xcconfig"; path = "Target Support Files/Pods-JDHybrid_Example/Pods-JDHybrid_Example.release.xcconfig"; sourceTree = "<group>"; };
		212DD6DC2AAAD4730048ED4E /* XImageElement.m */ = {isa = PBXFileReference; fileEncoding = 4; lastKnownFileType = sourcecode.c.objc; path = XImageElement.m; sourceTree = "<group>"; };
		212DD6DD2AAAD4730048ED4E /* XImageElement.h */ = {isa = PBXFileReference; fileEncoding = 4; lastKnownFileType = sourcecode.c.h; path = XImageElement.h; sourceTree = "<group>"; };
		21C6E1FE2AAAD9AE00EF98B5 /* JDXSLViewController.h */ = {isa = PBXFileReference; fileEncoding = 4; lastKnownFileType = sourcecode.c.h; path = JDXSLViewController.h; sourceTree = "<group>"; };
		21C6E1FF2AAAD9AE00EF98B5 /* JDXSLViewController.m */ = {isa = PBXFileReference; fileEncoding = 4; lastKnownFileType = sourcecode.c.objc; path = JDXSLViewController.m; sourceTree = "<group>"; };
		2249E01521726C41DE2DF153 /* Pods_JDHybrid_Example.framework */ = {isa = PBXFileReference; explicitFileType = wrapper.framework; includeInIndex = 0; path = Pods_JDHybrid_Example.framework; sourceTree = BUILT_PRODUCTS_DIR; };
		459419EAC0DC2DE1EBB5FBD0 /* Pods-JDHybrid_Example.release.xcconfig */ = {isa = PBXFileReference; includeInIndex = 1; lastKnownFileType = text.xcconfig; name = "Pods-JDHybrid_Example.release.xcconfig"; path = "Target Support Files/Pods-JDHybrid_Example/Pods-JDHybrid_Example.release.xcconfig"; sourceTree = "<group>"; };
		5E5ECDB347874DBFD7354666 /* LICENSE */ = {isa = PBXFileReference; includeInIndex = 1; lastKnownFileType = text; name = LICENSE; path = ../LICENSE; sourceTree = "<group>"; };
		6003F58A195388D20070C39A /* JDHybrid_Example.app */ = {isa = PBXFileReference; explicitFileType = wrapper.application; includeInIndex = 0; path = JDHybrid_Example.app; sourceTree = BUILT_PRODUCTS_DIR; };
		6003F58D195388D20070C39A /* Foundation.framework */ = {isa = PBXFileReference; lastKnownFileType = wrapper.framework; name = Foundation.framework; path = System/Library/Frameworks/Foundation.framework; sourceTree = SDKROOT; };
		6003F58F195388D20070C39A /* CoreGraphics.framework */ = {isa = PBXFileReference; lastKnownFileType = wrapper.framework; name = CoreGraphics.framework; path = System/Library/Frameworks/CoreGraphics.framework; sourceTree = SDKROOT; };
		6003F591195388D20070C39A /* UIKit.framework */ = {isa = PBXFileReference; lastKnownFileType = wrapper.framework; name = UIKit.framework; path = System/Library/Frameworks/UIKit.framework; sourceTree = SDKROOT; };
		6003F595195388D20070C39A /* JDHybrid-Info.plist */ = {isa = PBXFileReference; lastKnownFileType = text.plist.xml; path = "JDHybrid-Info.plist"; sourceTree = "<group>"; };
		6003F597195388D20070C39A /* en */ = {isa = PBXFileReference; lastKnownFileType = text.plist.strings; name = en; path = en.lproj/InfoPlist.strings; sourceTree = "<group>"; };
		6003F599195388D20070C39A /* main.m */ = {isa = PBXFileReference; lastKnownFileType = sourcecode.c.objc; path = main.m; sourceTree = "<group>"; };
		6003F59B195388D20070C39A /* JDHybrid-Prefix.pch */ = {isa = PBXFileReference; lastKnownFileType = sourcecode.c.h; path = "JDHybrid-Prefix.pch"; sourceTree = "<group>"; };
		6003F59C195388D20070C39A /* XHAppDelegate.h */ = {isa = PBXFileReference; lastKnownFileType = sourcecode.c.h; path = XHAppDelegate.h; sourceTree = "<group>"; };
		6003F59D195388D20070C39A /* XHAppDelegate.m */ = {isa = PBXFileReference; lastKnownFileType = sourcecode.c.objc; path = XHAppDelegate.m; sourceTree = "<group>"; };
		6003F5A5195388D20070C39A /* XHViewController.h */ = {isa = PBXFileReference; lastKnownFileType = sourcecode.c.h; path = XHViewController.h; sourceTree = "<group>"; };
		6003F5A6195388D20070C39A /* XHViewController.m */ = {isa = PBXFileReference; lastKnownFileType = sourcecode.c.objc; path = XHViewController.m; sourceTree = "<group>"; };
		6003F5A8195388D20070C39A /* Images.xcassets */ = {isa = PBXFileReference; lastKnownFileType = folder.assetcatalog; path = Images.xcassets; sourceTree = "<group>"; };
		6003F5AE195388D20070C39A /* JDHybrid_Tests.xctest */ = {isa = PBXFileReference; explicitFileType = wrapper.cfbundle; includeInIndex = 0; path = JDHybrid_Tests.xctest; sourceTree = BUILT_PRODUCTS_DIR; };
		6003F5AF195388D20070C39A /* XCTest.framework */ = {isa = PBXFileReference; lastKnownFileType = wrapper.framework; name = XCTest.framework; path = Library/Frameworks/XCTest.framework; sourceTree = DEVELOPER_DIR; };
		6003F5B7195388D20070C39A /* Tests-Info.plist */ = {isa = PBXFileReference; lastKnownFileType = text.plist.xml; path = "Tests-Info.plist"; sourceTree = "<group>"; };
		6003F5B9195388D20070C39A /* en */ = {isa = PBXFileReference; lastKnownFileType = text.plist.strings; name = en; path = en.lproj/InfoPlist.strings; sourceTree = "<group>"; };
		6003F5BB195388D20070C39A /* Tests.m */ = {isa = PBXFileReference; lastKnownFileType = sourcecode.c.objc; path = Tests.m; sourceTree = "<group>"; };
		606FC2411953D9B200FFA9A0 /* Tests-Prefix.pch */ = {isa = PBXFileReference; lastKnownFileType = sourcecode.c.h; path = "Tests-Prefix.pch"; sourceTree = "<group>"; };
		71719F9E1E33DC2100824A3D /* Base */ = {isa = PBXFileReference; lastKnownFileType = file.storyboard; name = Base; path = Base.lproj/LaunchScreen.storyboard; sourceTree = "<group>"; };
		873B8AEA1B1F5CCA007FD442 /* Main.storyboard */ = {isa = PBXFileReference; fileEncoding = 4; lastKnownFileType = file.storyboard; name = Main.storyboard; path = Base.lproj/Main.storyboard; sourceTree = "<group>"; };
		97A4F06C0CCAE2D937EF2A99 /* README.md */ = {isa = PBXFileReference; includeInIndex = 1; lastKnownFileType = net.daringfireball.markdown; name = README.md; path = ../README.md; sourceTree = "<group>"; };
		A824B1088A65D022C2BB658C /* Pods-JDHybrid_Example.debug.xcconfig */ = {isa = PBXFileReference; includeInIndex = 1; lastKnownFileType = text.xcconfig; name = "Pods-JDHybrid_Example.debug.xcconfig"; path = "Target Support Files/Pods-JDHybrid_Example/Pods-JDHybrid_Example.debug.xcconfig"; sourceTree = "<group>"; };
		AC1C6C4998AB77276A37FFDE /* Pods-JDHybrid_Example.debug.xcconfig */ = {isa = PBXFileReference; includeInIndex = 1; lastKnownFileType = text.xcconfig; name = "Pods-JDHybrid_Example.debug.xcconfig"; path = "Target Support Files/Pods-JDHybrid_Example/Pods-JDHybrid_Example.debug.xcconfig"; sourceTree = "<group>"; };
		B006A25A2893B91F009DB690 /* MyNativePlugin.h */ = {isa = PBXFileReference; lastKnownFileType = sourcecode.c.h; path = MyNativePlugin.h; sourceTree = "<group>"; };
		B006A25B2893B91F009DB690 /* MyNativePlugin.m */ = {isa = PBXFileReference; lastKnownFileType = sourcecode.c.objc; path = MyNativePlugin.m; sourceTree = "<group>"; };
		B006A25D2893BAF0009DB690 /* MyDefaultPlugin.h */ = {isa = PBXFileReference; lastKnownFileType = sourcecode.c.h; path = MyDefaultPlugin.h; sourceTree = "<group>"; };
		B006A25E2893BAF0009DB690 /* MyDefaultPlugin.m */ = {isa = PBXFileReference; lastKnownFileType = sourcecode.c.objc; path = MyDefaultPlugin.m; sourceTree = "<group>"; };
		B006A2602893BEF0009DB690 /* MySequenceNativePlugin.h */ = {isa = PBXFileReference; lastKnownFileType = sourcecode.c.h; path = MySequenceNativePlugin.h; sourceTree = "<group>"; };
		B006A2612893BEF0009DB690 /* MySequenceNativePlugin.m */ = {isa = PBXFileReference; lastKnownFileType = sourcecode.c.objc; path = MySequenceNativePlugin.m; sourceTree = "<group>"; };
		B05241FE2914E9A200F981F6 /* jdbridge_demo.html */ = {isa = PBXFileReference; fileEncoding = 4; lastKnownFileType = text.html; path = jdbridge_demo.html; sourceTree = "<group>"; };
		B05241FF2914E9A200F981F6 /* bundle.js */ = {isa = PBXFileReference; fileEncoding = 4; lastKnownFileType = sourcecode.javascript; path = bundle.js; sourceTree = "<group>"; };
		B057F79B286ECED4006E75B1 /* dispatchEvent.html */ = {isa = PBXFileReference; fileEncoding = 4; lastKnownFileType = text.html; path = dispatchEvent.html; sourceTree = "<group>"; };
		EF75D51E29B9AE3900E594D3 /* JDWebViewController.h */ = {isa = PBXFileReference; lastKnownFileType = sourcecode.c.h; path = JDWebViewController.h; sourceTree = "<group>"; };
		EF75D51F29B9AE3900E594D3 /* JDWebViewController.m */ = {isa = PBXFileReference; lastKnownFileType = sourcecode.c.objc; path = JDWebViewController.m; sourceTree = "<group>"; };
		EF75D52129B9AE5F00E594D3 /* JDCacheViewController.h */ = {isa = PBXFileReference; lastKnownFileType = sourcecode.c.h; path = JDCacheViewController.h; sourceTree = "<group>"; };
		EF75D52229B9AE5F00E594D3 /* JDCacheViewController.m */ = {isa = PBXFileReference; lastKnownFileType = sourcecode.c.objc; path = JDCacheViewController.m; sourceTree = "<group>"; };
		EF75D52429B9AE7500E594D3 /* JDCacheWebViewController.h */ = {isa = PBXFileReference; lastKnownFileType = sourcecode.c.h; path = JDCacheWebViewController.h; sourceTree = "<group>"; };
		EF75D52529B9AE7500E594D3 /* JDCacheWebViewController.m */ = {isa = PBXFileReference; lastKnownFileType = sourcecode.c.objc; path = JDCacheWebViewController.m; sourceTree = "<group>"; };
		EF75D52729B9B39200E594D3 /* JDMapResourceMatcher.h */ = {isa = PBXFileReference; fileEncoding = 4; lastKnownFileType = sourcecode.c.h; path = JDMapResourceMatcher.h; sourceTree = "<group>"; };
		EF75D52829B9B39200E594D3 /* JDMapResourceMatcher.m */ = {isa = PBXFileReference; fileEncoding = 4; lastKnownFileType = sourcecode.c.objc; path = JDMapResourceMatcher.m; sourceTree = "<group>"; };
		EF75D57D29B9C4AA00E594D3 /* resource */ = {isa = PBXFileReference; lastKnownFileType = folder; path = resource; sourceTree = "<group>"; };
		EF75D58229B9C51500E594D3 /* XHCache.h */ = {isa = PBXFileReference; fileEncoding = 4; lastKnownFileType = sourcecode.c.h; path = XHCache.h; sourceTree = "<group>"; };
		EF75D58329B9C51500E594D3 /* XHCache.m */ = {isa = PBXFileReference; fileEncoding = 4; lastKnownFileType = sourcecode.c.objc; path = XHCache.m; sourceTree = "<group>"; };
		FD1DA0A92843B521006E7674 /* JDHybrid_Example.entitlements */ = {isa = PBXFileReference; lastKnownFileType = text.plist.entitlements; path = JDHybrid_Example.entitlements; sourceTree = "<group>"; };
		FD1DA0AA2843B521006E7674 /* ExternalAccessory.framework */ = {isa = PBXFileReference; lastKnownFileType = wrapper.framework; name = ExternalAccessory.framework; path = System/Library/Frameworks/ExternalAccessory.framework; sourceTree = SDKROOT; };
		FDE14D69284B9AF7003D85EE /* XHDefine.h */ = {isa = PBXFileReference; lastKnownFileType = sourcecode.c.h; path = XHDefine.h; sourceTree = "<group>"; };
/* End PBXFileReference section */

/* Begin PBXFrameworksBuildPhase section */
		6003F587195388D20070C39A /* Frameworks */ = {
			isa = PBXFrameworksBuildPhase;
			buildActionMask = 2147483647;
			files = (
				6003F590195388D20070C39A /* CoreGraphics.framework in Frameworks */,
				FD1DA0AB2843B521006E7674 /* ExternalAccessory.framework in Frameworks */,
				6003F592195388D20070C39A /* UIKit.framework in Frameworks */,
				6003F58E195388D20070C39A /* Foundation.framework in Frameworks */,
				D4BAD97214589C19D4CE376C /* Pods_JDHybrid_Example.framework in Frameworks */,
			);
			runOnlyForDeploymentPostprocessing = 0;
		};
		6003F5AB195388D20070C39A /* Frameworks */ = {
			isa = PBXFrameworksBuildPhase;
			buildActionMask = 2147483647;
			files = (
				6003F5B0195388D20070C39A /* XCTest.framework in Frameworks */,
				6003F5B2195388D20070C39A /* UIKit.framework in Frameworks */,
				6003F5B1195388D20070C39A /* Foundation.framework in Frameworks */,
			);
			runOnlyForDeploymentPostprocessing = 0;
		};
/* End PBXFrameworksBuildPhase section */

/* Begin PBXGroup section */
		212DD6B42AAABA2C0048ED4E /* XSLDemo */ = {
			isa = PBXGroup;
			children = (
				212DD6DD2AAAD4730048ED4E /* XImageElement.h */,
				212DD6DC2AAAD4730048ED4E /* XImageElement.m */,
			);
			name = XSLDemo;
			sourceTree = "<group>";
		};
		6003F581195388D10070C39A = {
			isa = PBXGroup;
			children = (
				FD1DA0A92843B521006E7674 /* JDHybrid_Example.entitlements */,
				60FF7A9C1954A5C5007DD14C /* Podspec Metadata */,
				6003F593195388D20070C39A /* Example for JDHybrid */,
				6003F5B5195388D20070C39A /* Tests */,
				6003F58C195388D20070C39A /* Frameworks */,
				6003F58B195388D20070C39A /* Products */,
				660800FC8F558B8B9B3D2336 /* Pods */,
			);
			sourceTree = "<group>";
		};
		6003F58B195388D20070C39A /* Products */ = {
			isa = PBXGroup;
			children = (
				6003F58A195388D20070C39A /* JDHybrid_Example.app */,
				6003F5AE195388D20070C39A /* JDHybrid_Tests.xctest */,
			);
			name = Products;
			sourceTree = "<group>";
		};
		6003F58C195388D20070C39A /* Frameworks */ = {
			isa = PBXGroup;
			children = (
				FD1DA0AA2843B521006E7674 /* ExternalAccessory.framework */,
				6003F58D195388D20070C39A /* Foundation.framework */,
				6003F58F195388D20070C39A /* CoreGraphics.framework */,
				6003F591195388D20070C39A /* UIKit.framework */,
				6003F5AF195388D20070C39A /* XCTest.framework */,
				2249E01521726C41DE2DF153 /* Pods_JDHybrid_Example.framework */,
			);
			name = Frameworks;
			sourceTree = "<group>";
		};
		6003F593195388D20070C39A /* Example for JDHybrid */ = {
			isa = PBXGroup;
			children = (
				EF75D58229B9C51500E594D3 /* XHCache.h */,
				EF75D58329B9C51500E594D3 /* XHCache.m */,
				EF75D57D29B9C4AA00E594D3 /* resource */,
				EF75D52729B9B39200E594D3 /* JDMapResourceMatcher.h */,
				EF75D52829B9B39200E594D3 /* JDMapResourceMatcher.m */,
				B05241FD2914E9A100F981F6 /* H5-Example */,
				B006A2592893B8E7009DB690 /* JDBridgeDemo */,
				212DD6B42AAABA2C0048ED4E /* XSLDemo */,
				6003F59C195388D20070C39A /* XHAppDelegate.h */,
				6003F59D195388D20070C39A /* XHAppDelegate.m */,
				873B8AEA1B1F5CCA007FD442 /* Main.storyboard */,
				6003F5A5195388D20070C39A /* XHViewController.h */,
				6003F5A6195388D20070C39A /* XHViewController.m */,
				EF75D51E29B9AE3900E594D3 /* JDWebViewController.h */,
				EF75D51F29B9AE3900E594D3 /* JDWebViewController.m */,
				EF75D52129B9AE5F00E594D3 /* JDCacheViewController.h */,
				EF75D52229B9AE5F00E594D3 /* JDCacheViewController.m */,
				EF75D52429B9AE7500E594D3 /* JDCacheWebViewController.h */,
				EF75D52529B9AE7500E594D3 /* JDCacheWebViewController.m */,
				21C6E1FE2AAAD9AE00EF98B5 /* JDXSLViewController.h */,
				21C6E1FF2AAAD9AE00EF98B5 /* JDXSLViewController.m */,
				FDE14D69284B9AF7003D85EE /* XHDefine.h */,
				71719F9D1E33DC2100824A3D /* LaunchScreen.storyboard */,
				6003F5A8195388D20070C39A /* Images.xcassets */,
				6003F594195388D20070C39A /* Supporting Files */,
			);
			name = "Example for JDHybrid";
			path = JDHybrid;
			sourceTree = "<group>";
		};
		6003F594195388D20070C39A /* Supporting Files */ = {
			isa = PBXGroup;
			children = (
				6003F595195388D20070C39A /* JDHybrid-Info.plist */,
				6003F596195388D20070C39A /* InfoPlist.strings */,
				6003F599195388D20070C39A /* main.m */,
				6003F59B195388D20070C39A /* JDHybrid-Prefix.pch */,
			);
			name = "Supporting Files";
			sourceTree = "<group>";
		};
		6003F5B5195388D20070C39A /* Tests */ = {
			isa = PBXGroup;
			children = (
				6003F5BB195388D20070C39A /* Tests.m */,
				6003F5B6195388D20070C39A /* Supporting Files */,
			);
			path = Tests;
			sourceTree = "<group>";
		};
		6003F5B6195388D20070C39A /* Supporting Files */ = {
			isa = PBXGroup;
			children = (
				6003F5B7195388D20070C39A /* Tests-Info.plist */,
				6003F5B8195388D20070C39A /* InfoPlist.strings */,
				606FC2411953D9B200FFA9A0 /* Tests-Prefix.pch */,
			);
			name = "Supporting Files";
			sourceTree = "<group>";
		};
		60FF7A9C1954A5C5007DD14C /* Podspec Metadata */ = {
			isa = PBXGroup;
			children = (
				97A4F06C0CCAE2D937EF2A99 /* README.md */,
				5E5ECDB347874DBFD7354666 /* LICENSE */,
			);
			name = "Podspec Metadata";
			sourceTree = "<group>";
		};
		660800FC8F558B8B9B3D2336 /* Pods */ = {
			isa = PBXGroup;
			children = (
				AC1C6C4998AB77276A37FFDE /* Pods-JDHybrid_Example.debug.xcconfig */,
				103D3013A3B9C1ADC42A63A5 /* Pods-JDHybrid_Example.release.xcconfig */,
				A824B1088A65D022C2BB658C /* Pods-JDHybrid_Example.debug.xcconfig */,
				459419EAC0DC2DE1EBB5FBD0 /* Pods-JDHybrid_Example.release.xcconfig */,
			);
			path = Pods;
			sourceTree = "<group>";
		};
		B006A2592893B8E7009DB690 /* JDBridgeDemo */ = {
			isa = PBXGroup;
			children = (
				B006A25A2893B91F009DB690 /* MyNativePlugin.h */,
				B006A25B2893B91F009DB690 /* MyNativePlugin.m */,
				B006A25D2893BAF0009DB690 /* MyDefaultPlugin.h */,
				B006A25E2893BAF0009DB690 /* MyDefaultPlugin.m */,
				B006A2602893BEF0009DB690 /* MySequenceNativePlugin.h */,
				B006A2612893BEF0009DB690 /* MySequenceNativePlugin.m */,
			);
			name = JDBridgeDemo;
			sourceTree = "<group>";
		};
		B05241FD2914E9A100F981F6 /* H5-Example */ = {
			isa = PBXGroup;
			children = (
				B057F79B286ECED4006E75B1 /* dispatchEvent.html */,
				B05241FE2914E9A200F981F6 /* jdbridge_demo.html */,
				B05241FF2914E9A200F981F6 /* bundle.js */,
			);
			path = "H5-Example";
			sourceTree = "<group>";
		};
/* End PBXGroup section */

/* Begin PBXNativeTarget section */
		6003F589195388D20070C39A /* JDHybrid_Example */ = {
			isa = PBXNativeTarget;
			buildConfigurationList = 6003F5BF195388D20070C39A /* Build configuration list for PBXNativeTarget "JDHybrid_Example" */;
			buildPhases = (
				A3571C9C099EAB787DDA5372 /* [CP] Check Pods Manifest.lock */,
				6003F586195388D20070C39A /* Sources */,
				6003F587195388D20070C39A /* Frameworks */,
				6003F588195388D20070C39A /* Resources */,
				4C1CDA3275F0EE53C896F800 /* [CP] Embed Pods Frameworks */,
			);
			buildRules = (
			);
			dependencies = (
			);
			name = JDHybrid_Example;
			productName = JDHybrid;
			productReference = 6003F58A195388D20070C39A /* JDHybrid_Example.app */;
			productType = "com.apple.product-type.application";
		};
		6003F5AD195388D20070C39A /* JDHybrid_Tests */ = {
			isa = PBXNativeTarget;
			buildConfigurationList = 6003F5C2195388D20070C39A /* Build configuration list for PBXNativeTarget "JDHybrid_Tests" */;
			buildPhases = (
				6003F5AA195388D20070C39A /* Sources */,
				6003F5AB195388D20070C39A /* Frameworks */,
				6003F5AC195388D20070C39A /* Resources */,
			);
			buildRules = (
			);
			dependencies = (
				6003F5B4195388D20070C39A /* PBXTargetDependency */,
			);
			name = JDHybrid_Tests;
			productName = JDHybridTests;
			productReference = 6003F5AE195388D20070C39A /* JDHybrid_Tests.xctest */;
			productType = "com.apple.product-type.bundle.unit-test";
		};
/* End PBXNativeTarget section */

/* Begin PBXProject section */
		6003F582195388D10070C39A /* Project object */ = {
			isa = PBXProject;
			attributes = {
				CLASSPREFIX = XH;
				LastUpgradeCheck = 0720;
				ORGANIZATIONNAME = maxiaoliang8;
				TargetAttributes = {
					6003F589195388D20070C39A = {
						DevelopmentTeam = 5KQQLB9477;
						ProvisioningStyle = Automatic;
					};
					6003F5AD195388D20070C39A = {
						TestTargetID = 6003F589195388D20070C39A;
					};
				};
			};
			buildConfigurationList = 6003F585195388D10070C39A /* Build configuration list for PBXProject "JDHybrid" */;
			compatibilityVersion = "Xcode 3.2";
			developmentRegion = English;
			hasScannedForEncodings = 0;
			knownRegions = (
				English,
				en,
				Base,
			);
			mainGroup = 6003F581195388D10070C39A;
			productRefGroup = 6003F58B195388D20070C39A /* Products */;
			projectDirPath = "";
			projectRoot = "";
			targets = (
				6003F589195388D20070C39A /* JDHybrid_Example */,
				6003F5AD195388D20070C39A /* JDHybrid_Tests */,
			);
		};
/* End PBXProject section */

/* Begin PBXResourcesBuildPhase section */
		6003F588195388D20070C39A /* Resources */ = {
			isa = PBXResourcesBuildPhase;
			buildActionMask = 2147483647;
			files = (
				EF75D57E29B9C4AA00E594D3 /* resource in Resources */,
				B057F79C286ECED4006E75B1 /* dispatchEvent.html in Resources */,
				B05242002914E9A200F981F6 /* jdbridge_demo.html in Resources */,
				873B8AEB1B1F5CCA007FD442 /* Main.storyboard in Resources */,
				71719F9F1E33DC2100824A3D /* LaunchScreen.storyboard in Resources */,
				6003F5A9195388D20070C39A /* Images.xcassets in Resources */,
				B05242012914E9A200F981F6 /* bundle.js in Resources */,
				6003F598195388D20070C39A /* InfoPlist.strings in Resources */,
			);
			runOnlyForDeploymentPostprocessing = 0;
		};
		6003F5AC195388D20070C39A /* Resources */ = {
			isa = PBXResourcesBuildPhase;
			buildActionMask = 2147483647;
			files = (
				6003F5BA195388D20070C39A /* InfoPlist.strings in Resources */,
			);
			runOnlyForDeploymentPostprocessing = 0;
		};
/* End PBXResourcesBuildPhase section */

/* Begin PBXShellScriptBuildPhase section */
		4C1CDA3275F0EE53C896F800 /* [CP] Embed Pods Frameworks */ = {
			isa = PBXShellScriptBuildPhase;
			buildActionMask = 2147483647;
			files = (
			);
			inputPaths = (
				"${PODS_ROOT}/Target Support Files/Pods-JDHybrid_Example/Pods-JDHybrid_Example-frameworks.sh",
				"${BUILT_PRODUCTS_DIR}/JDHybrid/JDHybrid.framework",
				"${BUILT_PRODUCTS_DIR}/SDWebImage/SDWebImage.framework",
				"${BUILT_PRODUCTS_DIR}/YYCache/YYCache.framework",
			);
			name = "[CP] Embed Pods Frameworks";
			outputPaths = (
				"${TARGET_BUILD_DIR}/${FRAMEWORKS_FOLDER_PATH}/JDHybrid.framework",
				"${TARGET_BUILD_DIR}/${FRAMEWORKS_FOLDER_PATH}/SDWebImage.framework",
				"${TARGET_BUILD_DIR}/${FRAMEWORKS_FOLDER_PATH}/YYCache.framework",
			);
			runOnlyForDeploymentPostprocessing = 0;
			shellPath = /bin/sh;
			shellScript = "\"${PODS_ROOT}/Target Support Files/Pods-JDHybrid_Example/Pods-JDHybrid_Example-frameworks.sh\"\n";
			showEnvVarsInLog = 0;
		};
		A3571C9C099EAB787DDA5372 /* [CP] Check Pods Manifest.lock */ = {
			isa = PBXShellScriptBuildPhase;
			buildActionMask = 2147483647;
			files = (
			);
			inputFileListPaths = (
			);
			inputPaths = (
				"${PODS_PODFILE_DIR_PATH}/Podfile.lock",
				"${PODS_ROOT}/Manifest.lock",
			);
			name = "[CP] Check Pods Manifest.lock";
			outputFileListPaths = (
			);
			outputPaths = (
				"$(DERIVED_FILE_DIR)/Pods-JDHybrid_Example-checkManifestLockResult.txt",
			);
			runOnlyForDeploymentPostprocessing = 0;
			shellPath = /bin/sh;
			shellScript = "diff \"${PODS_PODFILE_DIR_PATH}/Podfile.lock\" \"${PODS_ROOT}/Manifest.lock\" > /dev/null\nif [ $? != 0 ] ; then\n    # print error to STDERR\n    echo \"error: The sandbox is not in sync with the Podfile.lock. Run 'pod install' or update your CocoaPods installation.\" >&2\n    exit 1\nfi\n# This output is used by Xcode 'outputs' to avoid re-running this script phase.\necho \"SUCCESS\" > \"${SCRIPT_OUTPUT_FILE_0}\"\n";
			showEnvVarsInLog = 0;
		};
/* End PBXShellScriptBuildPhase section */

/* Begin PBXSourcesBuildPhase section */
		6003F586195388D20070C39A /* Sources */ = {
			isa = PBXSourcesBuildPhase;
			buildActionMask = 2147483647;
			files = (
				6003F59E195388D20070C39A /* XHAppDelegate.m in Sources */,
				21C6E2002AAAD9AE00EF98B5 /* JDXSLViewController.m in Sources */,
				EF75D58429B9C51500E594D3 /* XHCache.m in Sources */,
				B006A2622893BEF0009DB690 /* MySequenceNativePlugin.m in Sources */,
				EF75D52629B9AE7500E594D3 /* JDCacheWebViewController.m in Sources */,
				EF75D52929B9B39200E594D3 /* JDMapResourceMatcher.m in Sources */,
				B006A25C2893B91F009DB690 /* MyNativePlugin.m in Sources */,
				EF75D52029B9AE3900E594D3 /* JDWebViewController.m in Sources */,
				212DD6DE2AAAD4730048ED4E /* XImageElement.m in Sources */,
				6003F5A7195388D20070C39A /* XHViewController.m in Sources */,
				EF75D52329B9AE5F00E594D3 /* JDCacheViewController.m in Sources */,
				B006A25F2893BAF0009DB690 /* MyDefaultPlugin.m in Sources */,
				6003F59A195388D20070C39A /* main.m in Sources */,
			);
			runOnlyForDeploymentPostprocessing = 0;
		};
		6003F5AA195388D20070C39A /* Sources */ = {
			isa = PBXSourcesBuildPhase;
			buildActionMask = 2147483647;
			files = (
				6003F5BC195388D20070C39A /* Tests.m in Sources */,
			);
			runOnlyForDeploymentPostprocessing = 0;
		};
/* End PBXSourcesBuildPhase section */

/* Begin PBXTargetDependency section */
		6003F5B4195388D20070C39A /* PBXTargetDependency */ = {
			isa = PBXTargetDependency;
			target = 6003F589195388D20070C39A /* JDHybrid_Example */;
			targetProxy = 6003F5B3195388D20070C39A /* PBXContainerItemProxy */;
		};
/* End PBXTargetDependency section */

/* Begin PBXVariantGroup section */
		6003F596195388D20070C39A /* InfoPlist.strings */ = {
			isa = PBXVariantGroup;
			children = (
				6003F597195388D20070C39A /* en */,
			);
			name = InfoPlist.strings;
			sourceTree = "<group>";
		};
		6003F5B8195388D20070C39A /* InfoPlist.strings */ = {
			isa = PBXVariantGroup;
			children = (
				6003F5B9195388D20070C39A /* en */,
			);
			name = InfoPlist.strings;
			sourceTree = "<group>";
		};
		71719F9D1E33DC2100824A3D /* LaunchScreen.storyboard */ = {
			isa = PBXVariantGroup;
			children = (
				71719F9E1E33DC2100824A3D /* Base */,
			);
			name = LaunchScreen.storyboard;
			sourceTree = "<group>";
		};
/* End PBXVariantGroup section */

/* Begin XCBuildConfiguration section */
		6003F5BD195388D20070C39A /* Debug */ = {
			isa = XCBuildConfiguration;
			buildSettings = {
				ALWAYS_SEARCH_USER_PATHS = NO;
				CLANG_CXX_LANGUAGE_STANDARD = "gnu++0x";
				CLANG_CXX_LIBRARY = "libc++";
				CLANG_ENABLE_MODULES = YES;
				CLANG_ENABLE_OBJC_ARC = YES;
				CLANG_WARN_BOOL_CONVERSION = YES;
				CLANG_WARN_CONSTANT_CONVERSION = YES;
				CLANG_WARN_DIRECT_OBJC_ISA_USAGE = YES_ERROR;
				CLANG_WARN_EMPTY_BODY = YES;
				CLANG_WARN_ENUM_CONVERSION = YES;
				CLANG_WARN_INT_CONVERSION = YES;
				CLANG_WARN_OBJC_ROOT_CLASS = YES_ERROR;
				CLANG_WARN__DUPLICATE_METHOD_MATCH = YES;
				"CODE_SIGN_IDENTITY[sdk=iphoneos*]" = "iPhone Developer";
				COPY_PHASE_STRIP = NO;
				ENABLE_TESTABILITY = YES;
				GCC_C_LANGUAGE_STANDARD = gnu99;
				GCC_DYNAMIC_NO_PIC = NO;
				GCC_OPTIMIZATION_LEVEL = 0;
				GCC_PREPROCESSOR_DEFINITIONS = (
					"DEBUG=1",
					"$(inherited)",
				);
				GCC_SYMBOLS_PRIVATE_EXTERN = NO;
				GCC_WARN_64_TO_32_BIT_CONVERSION = YES;
				GCC_WARN_ABOUT_RETURN_TYPE = YES_ERROR;
				GCC_WARN_UNDECLARED_SELECTOR = YES;
				GCC_WARN_UNINITIALIZED_AUTOS = YES_AGGRESSIVE;
				GCC_WARN_UNUSED_FUNCTION = YES;
				GCC_WARN_UNUSED_VARIABLE = YES;
				IPHONEOS_DEPLOYMENT_TARGET = 9.3;
				ONLY_ACTIVE_ARCH = YES;
				SDKROOT = iphoneos;
				TARGETED_DEVICE_FAMILY = "1,2";
			};
			name = Debug;
		};
		6003F5BE195388D20070C39A /* Release */ = {
			isa = XCBuildConfiguration;
			buildSettings = {
				ALWAYS_SEARCH_USER_PATHS = NO;
				CLANG_CXX_LANGUAGE_STANDARD = "gnu++0x";
				CLANG_CXX_LIBRARY = "libc++";
				CLANG_ENABLE_MODULES = YES;
				CLANG_ENABLE_OBJC_ARC = YES;
				CLANG_WARN_BOOL_CONVERSION = YES;
				CLANG_WARN_CONSTANT_CONVERSION = YES;
				CLANG_WARN_DIRECT_OBJC_ISA_USAGE = YES_ERROR;
				CLANG_WARN_EMPTY_BODY = YES;
				CLANG_WARN_ENUM_CONVERSION = YES;
				CLANG_WARN_INT_CONVERSION = YES;
				CLANG_WARN_OBJC_ROOT_CLASS = YES_ERROR;
				CLANG_WARN__DUPLICATE_METHOD_MATCH = YES;
				"CODE_SIGN_IDENTITY[sdk=iphoneos*]" = "iPhone Developer";
				COPY_PHASE_STRIP = YES;
				ENABLE_NS_ASSERTIONS = NO;
				GCC_C_LANGUAGE_STANDARD = gnu99;
				GCC_WARN_64_TO_32_BIT_CONVERSION = YES;
				GCC_WARN_ABOUT_RETURN_TYPE = YES_ERROR;
				GCC_WARN_UNDECLARED_SELECTOR = YES;
				GCC_WARN_UNINITIALIZED_AUTOS = YES_AGGRESSIVE;
				GCC_WARN_UNUSED_FUNCTION = YES;
				GCC_WARN_UNUSED_VARIABLE = YES;
				IPHONEOS_DEPLOYMENT_TARGET = 9.3;
				SDKROOT = iphoneos;
				TARGETED_DEVICE_FAMILY = "1,2";
				VALIDATE_PRODUCT = YES;
			};
			name = Release;
		};
		6003F5C0195388D20070C39A /* Debug */ = {
			isa = XCBuildConfiguration;
			baseConfigurationReference = A824B1088A65D022C2BB658C /* Pods-JDHybrid_Example.debug.xcconfig */;
			buildSettings = {
				ASSETCATALOG_COMPILER_APPICON_NAME = AppIcon;
				CODE_SIGN_ENTITLEMENTS = JDHybrid_Example.entitlements;
				CODE_SIGN_IDENTITY = "Apple Development";
				CODE_SIGN_STYLE = Automatic;
				DEVELOPMENT_TEAM = 5KQQLB9477;
				GCC_PRECOMPILE_PREFIX_HEADER = YES;
				GCC_PREFIX_HEADER = "JDHybrid/JDHybrid-Prefix.pch";
				HEADER_SEARCH_PATHS = (
					"$(inherited)",
					"\"${PODS_CONFIGURATION_BUILD_DIR}/JDHybrid/JDHybrid.framework/Headers\"",
				);
				INFOPLIST_FILE = "JDHybrid/JDHybrid-Info.plist";
				IPHONEOS_DEPLOYMENT_TARGET = 9.0;
				MODULE_NAME = ExampleApp;
				PRODUCT_BUNDLE_IDENTIFIER = "org.cocoapods.demo.${PRODUCT_NAME:rfc1034identifier}";
				PRODUCT_NAME = "$(TARGET_NAME)";
				PROVISIONING_PROFILE_SPECIFIER = "";
				SWIFT_VERSION = 4.0;
				USE_HEADERMAP = YES;
				WRAPPER_EXTENSION = app;
			};
			name = Debug;
		};
		6003F5C1195388D20070C39A /* Release */ = {
			isa = XCBuildConfiguration;
			baseConfigurationReference = 459419EAC0DC2DE1EBB5FBD0 /* Pods-JDHybrid_Example.release.xcconfig */;
			buildSettings = {
				ASSETCATALOG_COMPILER_APPICON_NAME = AppIcon;
				CODE_SIGN_ENTITLEMENTS = JDHybrid_Example.entitlements;
				CODE_SIGN_IDENTITY = "Apple Development";
				CODE_SIGN_STYLE = Automatic;
				DEVELOPMENT_TEAM = 5KQQLB9477;
				GCC_PRECOMPILE_PREFIX_HEADER = YES;
				GCC_PREFIX_HEADER = "JDHybrid/JDHybrid-Prefix.pch";
				HEADER_SEARCH_PATHS = (
					"$(inherited)",
					"\"${PODS_CONFIGURATION_BUILD_DIR}/JDHybrid/JDHybrid.framework/Headers\"",
				);
				INFOPLIST_FILE = "JDHybrid/JDHybrid-Info.plist";
				IPHONEOS_DEPLOYMENT_TARGET = 9.0;
				MODULE_NAME = ExampleApp;
				PRODUCT_BUNDLE_IDENTIFIER = "org.cocoapods.demo.${PRODUCT_NAME:rfc1034identifier}";
				PRODUCT_NAME = "$(TARGET_NAME)";
				PROVISIONING_PROFILE_SPECIFIER = "";
				SWIFT_VERSION = 4.0;
				USE_HEADERMAP = YES;
				WRAPPER_EXTENSION = app;
			};
			name = Release;
		};
		6003F5C3195388D20070C39A /* Debug */ = {
			isa = XCBuildConfiguration;
			buildSettings = {
				BUNDLE_LOADER = "$(TEST_HOST)";
				FRAMEWORK_SEARCH_PATHS = (
					"$(PLATFORM_DIR)/Developer/Library/Frameworks",
					"$(inherited)",
					"$(DEVELOPER_FRAMEWORKS_DIR)",
				);
				GCC_PRECOMPILE_PREFIX_HEADER = YES;
				GCC_PREFIX_HEADER = "Tests/Tests-Prefix.pch";
				GCC_PREPROCESSOR_DEFINITIONS = (
					"DEBUG=1",
					"$(inherited)",
				);
				INFOPLIST_FILE = "Tests/Tests-Info.plist";
				PRODUCT_BUNDLE_IDENTIFIER = "org.cocoapods.demo.${PRODUCT_NAME:rfc1034identifier}";
				PRODUCT_NAME = "$(TARGET_NAME)";
				SWIFT_VERSION = 4.0;
				TEST_HOST = "$(BUILT_PRODUCTS_DIR)/JDHybrid_Example.app/JDHybrid_Example";
				WRAPPER_EXTENSION = xctest;
			};
			name = Debug;
		};
		6003F5C4195388D20070C39A /* Release */ = {
			isa = XCBuildConfiguration;
			buildSettings = {
				BUNDLE_LOADER = "$(TEST_HOST)";
				FRAMEWORK_SEARCH_PATHS = (
					"$(PLATFORM_DIR)/Developer/Library/Frameworks",
					"$(inherited)",
					"$(DEVELOPER_FRAMEWORKS_DIR)",
				);
				GCC_PRECOMPILE_PREFIX_HEADER = YES;
				GCC_PREFIX_HEADER = "Tests/Tests-Prefix.pch";
				INFOPLIST_FILE = "Tests/Tests-Info.plist";
				PRODUCT_BUNDLE_IDENTIFIER = "org.cocoapods.demo.${PRODUCT_NAME:rfc1034identifier}";
				PRODUCT_NAME = "$(TARGET_NAME)";
				SWIFT_VERSION = 4.0;
				TEST_HOST = "$(BUILT_PRODUCTS_DIR)/JDHybrid_Example.app/JDHybrid_Example";
				WRAPPER_EXTENSION = xctest;
			};
			name = Release;
		};
/* End XCBuildConfiguration section */

/* Begin XCConfigurationList section */
		6003F585195388D10070C39A /* Build configuration list for PBXProject "JDHybrid" */ = {
			isa = XCConfigurationList;
			buildConfigurations = (
				6003F5BD195388D20070C39A /* Debug */,
				6003F5BE195388D20070C39A /* Release */,
			);
			defaultConfigurationIsVisible = 0;
			defaultConfigurationName = Release;
		};
		6003F5BF195388D20070C39A /* Build configuration list for PBXNativeTarget "JDHybrid_Example" */ = {
			isa = XCConfigurationList;
			buildConfigurations = (
				6003F5C0195388D20070C39A /* Debug */,
				6003F5C1195388D20070C39A /* Release */,
			);
			defaultConfigurationIsVisible = 0;
			defaultConfigurationName = Release;
		};
		6003F5C2195388D20070C39A /* Build configuration list for PBXNativeTarget "JDHybrid_Tests" */ = {
			isa = XCConfigurationList;
			buildConfigurations = (
				6003F5C3195388D20070C39A /* Debug */,
				6003F5C4195388D20070C39A /* Release */,
			);
			defaultConfigurationIsVisible = 0;
			defaultConfigurationName = Release;
		};
/* End XCConfigurationList section */
	};
	rootObject = 6003F582195388D10070C39A /* Project object */;
}
