PODS:
  - JDHybrid (1.0.4):
    - JDHybrid/JDBridge (= 1.0.4)
    - JDHybrid/JDCache (= 1.0.4)
    - JDHybrid/JDWebView (= 1.0.4)
  - JDHybrid/JDBridge (1.0.4)
  - JDHybrid/JDCache (1.0.4):
    - JDHybrid/JDBridge
  - JDHybrid/JDWebView (1.0.4):
    - JDHybrid/JDBridge
  - SDWebImage (5.18.0):
    - SDWebImage/Core (= 5.18.0)
  - SDWebImage/Core (5.18.0)
  - YYCache (1.0.4)

DEPENDENCIES:
  - JDHybrid (from `../../`)
  - SDWebImage
  - YYCache

SPEC REPOS:
  trunk:
    - SDWebImage
    - YYCache

EXTERNAL SOURCES:
  JDHybrid:
    :path: "../../"

SPEC CHECKSUMS:
  JDHybrid: fd4569dd931a92e26b49df51392dc1a2895bf05f
  SDWebImage: 182830bcddc30cde95fbc60dfe4badc3553d94ba
  YYCache: 8105b6638f5e849296c71f331ff83891a4942952

PODFILE CHECKSUM: 431c3e2d5d6a6b85a434a04451a6aa1c6c67f2b1

COCOAPODS: 1.11.2
